
Microsoft Visual Studio Solution File, Format Version 12.00
# Visual Studio Version 16
VisualStudioVersion = 16.0.31424.327
MinimumVisualStudioVersion = 10.0.40219.1
Project("{FAE04EC0-301F-11D3-BF4B-00C04F79EFBC}") = "Nba.Adviser", "Nba.Adviser.csproj", "{928AFDAF-F675-4ABB-9472-5092C2BCF61C}"
EndProject
Global
	GlobalSection(SolutionConfigurationPlatforms) = preSolution
		Debug|Any CPU = Debug|Any CPU
		Release|Any CPU = Release|Any CPU
	EndGlobalSection
	GlobalSection(ProjectConfigurationPlatforms) = postSolution
		{928AFDAF-F675-4ABB-9472-5092C2BCF61C}.Debug|Any CPU.ActiveCfg = Debug|Any CPU
		{928AFDAF-F675-4ABB-9472-5092C2BCF61C}.Debug|Any CPU.Build.0 = Debug|Any CPU
		{928AFDAF-F675-4ABB-9472-5092C2BCF61C}.Release|Any CPU.ActiveCfg = Release|Any CPU
		{928AFDAF-F675-4ABB-9472-5092C2BCF61C}.Release|Any CPU.Build.0 = Release|Any CPU
	EndGlobalSection
	GlobalSection(SolutionProperties) = preSolution
		HideSolutionNode = FALSE
	EndGlobalSection
	GlobalSection(ExtensibilityGlobals) = postSolution
		SolutionGuid = {8C90F7AE-47E3-43FE-B043-C47B009470DD}
	EndGlobalSection
EndGlobal
